
Microsoft Visual Studio Solution File, Format Version 12.00
# Visual Studio Version 17
VisualStudioVersion = 17.0.32126.317
MinimumVisualStudioVersion = 10.0.40219.1
Project("{FAE04EC0-301F-11D3-BF4B-00C04F79EFBC}") = "Fresh-Factory", "ConsoleApp85\Fresh-Factory.csproj", "{18BC88B8-E38D-46A5-B21B-3DB7DF043F44}"
EndProject
Global
	GlobalSection(SolutionConfigurationPlatforms) = preSolution
		Debug|Any CPU = Debug|Any CPU
		Release|Any CPU = Release|Any CPU
	EndGlobalSection
	GlobalSection(ProjectConfigurationPlatforms) = postSolution
		{18BC88B8-E38D-46A5-B21B-3DB7DF043F44}.Debug|Any CPU.ActiveCfg = Debug|Any CPU
		{18BC88B8-E38D-46A5-B21B-3DB7DF043F44}.Debug|Any CPU.Build.0 = Debug|Any CPU
		{18BC88B8-E38D-46A5-B21B-3DB7DF043F44}.Release|Any CPU.ActiveCfg = Release|Any CPU
		{18BC88B8-E38D-46A5-B21B-3DB7DF043F44}.Release|Any CPU.Build.0 = Release|Any CPU
	EndGlobalSection
	GlobalSection(SolutionProperties) = preSolution
		HideSolutionNode = FALSE
	EndGlobalSection
	GlobalSection(ExtensibilityGlobals) = postSolution
		SolutionGuid = {31DA5A43-85F9-40FA-A712-C94357BAE3E7}
	EndGlobalSection
EndGlobal
